
Microsoft Visual Studio Solution File, Format Version 12.00
# Visual Studio 15
VisualStudioVersion = 15.0.26608.5
MinimumVisualStudioVersion = 10.0.40219.1
Project("{FAE04EC0-301F-11D3-BF4B-00C04F79EFBC}") = "HR_Kasih_Group.Android", "HR Kasih Group\HR_Kasih_Group.Android\HR_Kasih_Group.Android.csproj", "{D1E03B7D-0449-4C2D-AC7B-5D46C2600988}"
EndProject
Project("{FAE04EC0-301F-11D3-BF4B-00C04F79EFBC}") = "HR_Kasih_Group", "HR Kasih Group\HR_Kasih_Group\HR_Kasih_Group.csproj", "{0D52DEBB-8054-4AC7-95FA-84957D3423C2}"
EndProject
Project("{FAE04EC0-301F-11D3-BF4B-00C04F79EFBC}") = "HR_Kasih_Group.UWP", "HR Kasih Group\HR_Kasih_Group.UWP\HR_Kasih_Group.UWP.csproj", "{435C5620-0470-4491-88E2-C0D2D909AD23}"
EndProject
Project("{FAE04EC0-301F-11D3-BF4B-00C04F79EFBC}") = "HR_Kasih_Group.iOS", "HR Kasih Group\HR_Kasih_Group.iOS\HR_Kasih_Group.iOS.csproj", "{EE1FD422-35D5-4E3E-9715-4A93437A675B}"
EndProject
Global
	GlobalSection(SolutionConfigurationPlatforms) = preSolution
		Ad-Hoc|Any CPU = Ad-Hoc|Any CPU
		Ad-Hoc|ARM = Ad-Hoc|ARM
		Ad-Hoc|iPhone = Ad-Hoc|iPhone
		Ad-Hoc|iPhoneSimulator = Ad-Hoc|iPhoneSimulator
		Ad-Hoc|x64 = Ad-Hoc|x64
		Ad-Hoc|x86 = Ad-Hoc|x86
		AppStore|Any CPU = AppStore|Any CPU
		AppStore|ARM = AppStore|ARM
		AppStore|iPhone = AppStore|iPhone
		AppStore|iPhoneSimulator = AppStore|iPhoneSimulator
		AppStore|x64 = AppStore|x64
		AppStore|x86 = AppStore|x86
		Debug|Any CPU = Debug|Any CPU
		Debug|ARM = Debug|ARM
		Debug|iPhone = Debug|iPhone
		Debug|iPhoneSimulator = Debug|iPhoneSimulator
		Debug|x64 = Debug|x64
		Debug|x86 = Debug|x86
		Release|Any CPU = Release|Any CPU
		Release|ARM = Release|ARM
		Release|iPhone = Release|iPhone
		Release|iPhoneSimulator = Release|iPhoneSimulator
		Release|x64 = Release|x64
		Release|x86 = Release|x86
	EndGlobalSection
	GlobalSection(ProjectConfigurationPlatforms) = postSolution
		{D1E03B7D-0449-4C2D-AC7B-5D46C2600988}.Ad-Hoc|Any CPU.ActiveCfg = Release|Any CPU
		{D1E03B7D-0449-4C2D-AC7B-5D46C2600988}.Ad-Hoc|Any CPU.Build.0 = Release|Any CPU
		{D1E03B7D-0449-4C2D-AC7B-5D46C2600988}.Ad-Hoc|Any CPU.Deploy.0 = Release|Any CPU
		{D1E03B7D-0449-4C2D-AC7B-5D46C2600988}.Ad-Hoc|ARM.ActiveCfg = Release|Any CPU
		{D1E03B7D-0449-4C2D-AC7B-5D46C2600988}.Ad-Hoc|ARM.Build.0 = Release|Any CPU
		{D1E03B7D-0449-4C2D-AC7B-5D46C2600988}.Ad-Hoc|ARM.Deploy.0 = Release|Any CPU
		{D1E03B7D-0449-4C2D-AC7B-5D46C2600988}.Ad-Hoc|iPhone.ActiveCfg = Release|Any CPU
		{D1E03B7D-0449-4C2D-AC7B-5D46C2600988}.Ad-Hoc|iPhone.Build.0 = Release|Any CPU
		{D1E03B7D-0449-4C2D-AC7B-5D46C2600988}.Ad-Hoc|iPhone.Deploy.0 = Release|Any CPU
		{D1E03B7D-0449-4C2D-AC7B-5D46C2600988}.Ad-Hoc|iPhoneSimulator.ActiveCfg = Release|Any CPU
		{D1E03B7D-0449-4C2D-AC7B-5D46C2600988}.Ad-Hoc|iPhoneSimulator.Build.0 = Release|Any CPU
		{D1E03B7D-0449-4C2D-AC7B-5D46C2600988}.Ad-Hoc|iPhoneSimulator.Deploy.0 = Release|Any CPU
		{D1E03B7D-0449-4C2D-AC7B-5D46C2600988}.Ad-Hoc|x64.ActiveCfg = Release|Any CPU
		{D1E03B7D-0449-4C2D-AC7B-5D46C2600988}.Ad-Hoc|x64.Build.0 = Release|Any CPU
		{D1E03B7D-0449-4C2D-AC7B-5D46C2600988}.Ad-Hoc|x64.Deploy.0 = Release|Any CPU
		{D1E03B7D-0449-4C2D-AC7B-5D46C2600988}.Ad-Hoc|x86.ActiveCfg = Release|Any CPU
		{D1E03B7D-0449-4C2D-AC7B-5D46C2600988}.Ad-Hoc|x86.Build.0 = Release|Any CPU
		{D1E03B7D-0449-4C2D-AC7B-5D46C2600988}.Ad-Hoc|x86.Deploy.0 = Release|Any CPU
		{D1E03B7D-0449-4C2D-AC7B-5D46C2600988}.AppStore|Any CPU.ActiveCfg = Release|Any CPU
		{D1E03B7D-0449-4C2D-AC7B-5D46C2600988}.AppStore|Any CPU.Build.0 = Release|Any CPU
		{D1E03B7D-0449-4C2D-AC7B-5D46C2600988}.AppStore|Any CPU.Deploy.0 = Release|Any CPU
		{D1E03B7D-0449-4C2D-AC7B-5D46C2600988}.AppStore|ARM.ActiveCfg = Release|Any CPU
		{D1E03B7D-0449-4C2D-AC7B-5D46C2600988}.AppStore|ARM.Build.0 = Release|Any CPU
		{D1E03B7D-0449-4C2D-AC7B-5D46C2600988}.AppStore|ARM.Deploy.0 = Release|Any CPU
		{D1E03B7D-0449-4C2D-AC7B-5D46C2600988}.AppStore|iPhone.ActiveCfg = Release|Any CPU
		{D1E03B7D-0449-4C2D-AC7B-5D46C2600988}.AppStore|iPhone.Build.0 = Release|Any CPU
		{D1E03B7D-0449-4C2D-AC7B-5D46C2600988}.AppStore|iPhone.Deploy.0 = Release|Any CPU
		{D1E03B7D-0449-4C2D-AC7B-5D46C2600988}.AppStore|iPhoneSimulator.ActiveCfg = Release|Any CPU
		{D1E03B7D-0449-4C2D-AC7B-5D46C2600988}.AppStore|iPhoneSimulator.Build.0 = Release|Any CPU
		{D1E03B7D-0449-4C2D-AC7B-5D46C2600988}.AppStore|iPhoneSimulator.Deploy.0 = Release|Any CPU
		{D1E03B7D-0449-4C2D-AC7B-5D46C2600988}.AppStore|x64.ActiveCfg = Release|Any CPU
		{D1E03B7D-0449-4C2D-AC7B-5D46C2600988}.AppStore|x64.Build.0 = Release|Any CPU
		{D1E03B7D-0449-4C2D-AC7B-5D46C2600988}.AppStore|x64.Deploy.0 = Release|Any CPU
		{D1E03B7D-0449-4C2D-AC7B-5D46C2600988}.AppStore|x86.ActiveCfg = Release|Any CPU
		{D1E03B7D-0449-4C2D-AC7B-5D46C2600988}.AppStore|x86.Build.0 = Release|Any CPU
		{D1E03B7D-0449-4C2D-AC7B-5D46C2600988}.AppStore|x86.Deploy.0 = Release|Any CPU
		{D1E03B7D-0449-4C2D-AC7B-5D46C2600988}.Debug|Any CPU.ActiveCfg = Debug|Any CPU
		{D1E03B7D-0449-4C2D-AC7B-5D46C2600988}.Debug|Any CPU.Build.0 = Debug|Any CPU
		{D1E03B7D-0449-4C2D-AC7B-5D46C2600988}.Debug|Any CPU.Deploy.0 = Debug|Any CPU
		{D1E03B7D-0449-4C2D-AC7B-5D46C2600988}.Debug|ARM.ActiveCfg = Debug|Any CPU
		{D1E03B7D-0449-4C2D-AC7B-5D46C2600988}.Debug|ARM.Build.0 = Debug|Any CPU
		{D1E03B7D-0449-4C2D-AC7B-5D46C2600988}.Debug|ARM.Deploy.0 = Debug|Any CPU
		{D1E03B7D-0449-4C2D-AC7B-5D46C2600988}.Debug|iPhone.ActiveCfg = Debug|Any CPU
		{D1E03B7D-0449-4C2D-AC7B-5D46C2600988}.Debug|iPhone.Build.0 = Debug|Any CPU
		{D1E03B7D-0449-4C2D-AC7B-5D46C2600988}.Debug|iPhone.Deploy.0 = Debug|Any CPU
		{D1E03B7D-0449-4C2D-AC7B-5D46C2600988}.Debug|iPhoneSimulator.ActiveCfg = Debug|Any CPU
		{D1E03B7D-0449-4C2D-AC7B-5D46C2600988}.Debug|iPhoneSimulator.Build.0 = Debug|Any CPU
		{D1E03B7D-0449-4C2D-AC7B-5D46C2600988}.Debug|iPhoneSimulator.Deploy.0 = Debug|Any CPU
		{D1E03B7D-0449-4C2D-AC7B-5D46C2600988}.Debug|x64.ActiveCfg = Debug|Any CPU
		{D1E03B7D-0449-4C2D-AC7B-5D46C2600988}.Debug|x64.Build.0 = Debug|Any CPU
		{D1E03B7D-0449-4C2D-AC7B-5D46C2600988}.Debug|x64.Deploy.0 = Debug|Any CPU
		{D1E03B7D-0449-4C2D-AC7B-5D46C2600988}.Debug|x86.ActiveCfg = Debug|Any CPU
		{D1E03B7D-0449-4C2D-AC7B-5D46C2600988}.Debug|x86.Build.0 = Debug|Any CPU
		{D1E03B7D-0449-4C2D-AC7B-5D46C2600988}.Debug|x86.Deploy.0 = Debug|Any CPU
		{D1E03B7D-0449-4C2D-AC7B-5D46C2600988}.Release|Any CPU.ActiveCfg = Release|Any CPU
		{D1E03B7D-0449-4C2D-AC7B-5D46C2600988}.Release|Any CPU.Build.0 = Release|Any CPU
		{D1E03B7D-0449-4C2D-AC7B-5D46C2600988}.Release|Any CPU.Deploy.0 = Release|Any CPU
		{D1E03B7D-0449-4C2D-AC7B-5D46C2600988}.Release|ARM.ActiveCfg = Release|Any CPU
		{D1E03B7D-0449-4C2D-AC7B-5D46C2600988}.Release|ARM.Build.0 = Release|Any CPU
		{D1E03B7D-0449-4C2D-AC7B-5D46C2600988}.Release|ARM.Deploy.0 = Release|Any CPU
		{D1E03B7D-0449-4C2D-AC7B-5D46C2600988}.Release|iPhone.ActiveCfg = Release|Any CPU
		{D1E03B7D-0449-4C2D-AC7B-5D46C2600988}.Release|iPhone.Build.0 = Release|Any CPU
		{D1E03B7D-0449-4C2D-AC7B-5D46C2600988}.Release|iPhone.Deploy.0 = Release|Any CPU
		{D1E03B7D-0449-4C2D-AC7B-5D46C2600988}.Release|iPhoneSimulator.ActiveCfg = Release|Any CPU
		{D1E03B7D-0449-4C2D-AC7B-5D46C2600988}.Release|iPhoneSimulator.Build.0 = Release|Any CPU
		{D1E03B7D-0449-4C2D-AC7B-5D46C2600988}.Release|iPhoneSimulator.Deploy.0 = Release|Any CPU
		{D1E03B7D-0449-4C2D-AC7B-5D46C2600988}.Release|x64.ActiveCfg = Release|Any CPU
		{D1E03B7D-0449-4C2D-AC7B-5D46C2600988}.Release|x64.Build.0 = Release|Any CPU
		{D1E03B7D-0449-4C2D-AC7B-5D46C2600988}.Release|x64.Deploy.0 = Release|Any CPU
		{D1E03B7D-0449-4C2D-AC7B-5D46C2600988}.Release|x86.ActiveCfg = Release|Any CPU
		{D1E03B7D-0449-4C2D-AC7B-5D46C2600988}.Release|x86.Build.0 = Release|Any CPU
		{D1E03B7D-0449-4C2D-AC7B-5D46C2600988}.Release|x86.Deploy.0 = Release|Any CPU
		{0D52DEBB-8054-4AC7-95FA-84957D3423C2}.Ad-Hoc|Any CPU.ActiveCfg = Release|Any CPU
		{0D52DEBB-8054-4AC7-95FA-84957D3423C2}.Ad-Hoc|Any CPU.Build.0 = Release|Any CPU
		{0D52DEBB-8054-4AC7-95FA-84957D3423C2}.Ad-Hoc|ARM.ActiveCfg = Release|Any CPU
		{0D52DEBB-8054-4AC7-95FA-84957D3423C2}.Ad-Hoc|ARM.Build.0 = Release|Any CPU
		{0D52DEBB-8054-4AC7-95FA-84957D3423C2}.Ad-Hoc|iPhone.ActiveCfg = Release|Any CPU
		{0D52DEBB-8054-4AC7-95FA-84957D3423C2}.Ad-Hoc|iPhone.Build.0 = Release|Any CPU
		{0D52DEBB-8054-4AC7-95FA-84957D3423C2}.Ad-Hoc|iPhoneSimulator.ActiveCfg = Release|Any CPU
		{0D52DEBB-8054-4AC7-95FA-84957D3423C2}.Ad-Hoc|iPhoneSimulator.Build.0 = Release|Any CPU
		{0D52DEBB-8054-4AC7-95FA-84957D3423C2}.Ad-Hoc|x64.ActiveCfg = Release|Any CPU
		{0D52DEBB-8054-4AC7-95FA-84957D3423C2}.Ad-Hoc|x64.Build.0 = Release|Any CPU
		{0D52DEBB-8054-4AC7-95FA-84957D3423C2}.Ad-Hoc|x86.ActiveCfg = Release|Any CPU
		{0D52DEBB-8054-4AC7-95FA-84957D3423C2}.Ad-Hoc|x86.Build.0 = Release|Any CPU
		{0D52DEBB-8054-4AC7-95FA-84957D3423C2}.AppStore|Any CPU.ActiveCfg = Release|Any CPU
		{0D52DEBB-8054-4AC7-95FA-84957D3423C2}.AppStore|Any CPU.Build.0 = Release|Any CPU
		{0D52DEBB-8054-4AC7-95FA-84957D3423C2}.AppStore|ARM.ActiveCfg = Release|Any CPU
		{0D52DEBB-8054-4AC7-95FA-84957D3423C2}.AppStore|ARM.Build.0 = Release|Any CPU
		{0D52DEBB-8054-4AC7-95FA-84957D3423C2}.AppStore|iPhone.ActiveCfg = Release|Any CPU
		{0D52DEBB-8054-4AC7-95FA-84957D3423C2}.AppStore|iPhone.Build.0 = Release|Any CPU
		{0D52DEBB-8054-4AC7-95FA-84957D3423C2}.AppStore|iPhoneSimulator.ActiveCfg = Release|Any CPU
		{0D52DEBB-8054-4AC7-95FA-84957D3423C2}.AppStore|iPhoneSimulator.Build.0 = Release|Any CPU
		{0D52DEBB-8054-4AC7-95FA-84957D3423C2}.AppStore|x64.ActiveCfg = Release|Any CPU
		{0D52DEBB-8054-4AC7-95FA-84957D3423C2}.AppStore|x64.Build.0 = Release|Any CPU
		{0D52DEBB-8054-4AC7-95FA-84957D3423C2}.AppStore|x86.ActiveCfg = Release|Any CPU
		{0D52DEBB-8054-4AC7-95FA-84957D3423C2}.AppStore|x86.Build.0 = Release|Any CPU
		{0D52DEBB-8054-4AC7-95FA-84957D3423C2}.Debug|Any CPU.ActiveCfg = Debug|Any CPU
		{0D52DEBB-8054-4AC7-95FA-84957D3423C2}.Debug|Any CPU.Build.0 = Debug|Any CPU
		{0D52DEBB-8054-4AC7-95FA-84957D3423C2}.Debug|ARM.ActiveCfg = Debug|Any CPU
		{0D52DEBB-8054-4AC7-95FA-84957D3423C2}.Debug|ARM.Build.0 = Debug|Any CPU
		{0D52DEBB-8054-4AC7-95FA-84957D3423C2}.Debug|iPhone.ActiveCfg = Debug|Any CPU
		{0D52DEBB-8054-4AC7-95FA-84957D3423C2}.Debug|iPhone.Build.0 = Debug|Any CPU
		{0D52DEBB-8054-4AC7-95FA-84957D3423C2}.Debug|iPhoneSimulator.ActiveCfg = Debug|Any CPU
		{0D52DEBB-8054-4AC7-95FA-84957D3423C2}.Debug|iPhoneSimulator.Build.0 = Debug|Any CPU
		{0D52DEBB-8054-4AC7-95FA-84957D3423C2}.Debug|x64.ActiveCfg = Debug|Any CPU
		{0D52DEBB-8054-4AC7-95FA-84957D3423C2}.Debug|x64.Build.0 = Debug|Any CPU
		{0D52DEBB-8054-4AC7-95FA-84957D3423C2}.Debug|x86.ActiveCfg = Debug|Any CPU
		{0D52DEBB-8054-4AC7-95FA-84957D3423C2}.Debug|x86.Build.0 = Debug|Any CPU
		{0D52DEBB-8054-4AC7-95FA-84957D3423C2}.Release|Any CPU.ActiveCfg = Release|Any CPU
		{0D52DEBB-8054-4AC7-95FA-84957D3423C2}.Release|Any CPU.Build.0 = Release|Any CPU
		{0D52DEBB-8054-4AC7-95FA-84957D3423C2}.Release|ARM.ActiveCfg = Release|Any CPU
		{0D52DEBB-8054-4AC7-95FA-84957D3423C2}.Release|ARM.Build.0 = Release|Any CPU
		{0D52DEBB-8054-4AC7-95FA-84957D3423C2}.Release|iPhone.ActiveCfg = Release|Any CPU
		{0D52DEBB-8054-4AC7-95FA-84957D3423C2}.Release|iPhone.Build.0 = Release|Any CPU
		{0D52DEBB-8054-4AC7-95FA-84957D3423C2}.Release|iPhoneSimulator.ActiveCfg = Release|Any CPU
		{0D52DEBB-8054-4AC7-95FA-84957D3423C2}.Release|iPhoneSimulator.Build.0 = Release|Any CPU
		{0D52DEBB-8054-4AC7-95FA-84957D3423C2}.Release|x64.ActiveCfg = Release|Any CPU
		{0D52DEBB-8054-4AC7-95FA-84957D3423C2}.Release|x64.Build.0 = Release|Any CPU
		{0D52DEBB-8054-4AC7-95FA-84957D3423C2}.Release|x86.ActiveCfg = Release|Any CPU
		{0D52DEBB-8054-4AC7-95FA-84957D3423C2}.Release|x86.Build.0 = Release|Any CPU
		{435C5620-0470-4491-88E2-C0D2D909AD23}.Ad-Hoc|Any CPU.ActiveCfg = Release|x86
		{435C5620-0470-4491-88E2-C0D2D909AD23}.Ad-Hoc|Any CPU.Build.0 = Release|x86
		{435C5620-0470-4491-88E2-C0D2D909AD23}.Ad-Hoc|Any CPU.Deploy.0 = Release|x86
		{435C5620-0470-4491-88E2-C0D2D909AD23}.Ad-Hoc|ARM.ActiveCfg = Release|ARM
		{435C5620-0470-4491-88E2-C0D2D909AD23}.Ad-Hoc|ARM.Build.0 = Release|ARM
		{435C5620-0470-4491-88E2-C0D2D909AD23}.Ad-Hoc|ARM.Deploy.0 = Release|ARM
		{435C5620-0470-4491-88E2-C0D2D909AD23}.Ad-Hoc|iPhone.ActiveCfg = Release|x86
		{435C5620-0470-4491-88E2-C0D2D909AD23}.Ad-Hoc|iPhone.Build.0 = Release|x86
		{435C5620-0470-4491-88E2-C0D2D909AD23}.Ad-Hoc|iPhone.Deploy.0 = Release|x86
		{435C5620-0470-4491-88E2-C0D2D909AD23}.Ad-Hoc|iPhoneSimulator.ActiveCfg = Release|x86
		{435C5620-0470-4491-88E2-C0D2D909AD23}.Ad-Hoc|iPhoneSimulator.Build.0 = Release|x86
		{435C5620-0470-4491-88E2-C0D2D909AD23}.Ad-Hoc|iPhoneSimulator.Deploy.0 = Release|x86
		{435C5620-0470-4491-88E2-C0D2D909AD23}.Ad-Hoc|x64.ActiveCfg = Release|x64
		{435C5620-0470-4491-88E2-C0D2D909AD23}.Ad-Hoc|x64.Build.0 = Release|x64
		{435C5620-0470-4491-88E2-C0D2D909AD23}.Ad-Hoc|x64.Deploy.0 = Release|x64
		{435C5620-0470-4491-88E2-C0D2D909AD23}.Ad-Hoc|x86.ActiveCfg = Release|x86
		{435C5620-0470-4491-88E2-C0D2D909AD23}.Ad-Hoc|x86.Build.0 = Release|x86
		{435C5620-0470-4491-88E2-C0D2D909AD23}.Ad-Hoc|x86.Deploy.0 = Release|x86
		{435C5620-0470-4491-88E2-C0D2D909AD23}.AppStore|Any CPU.ActiveCfg = Release|x86
		{435C5620-0470-4491-88E2-C0D2D909AD23}.AppStore|Any CPU.Build.0 = Release|x86
		{435C5620-0470-4491-88E2-C0D2D909AD23}.AppStore|Any CPU.Deploy.0 = Release|x86
		{435C5620-0470-4491-88E2-C0D2D909AD23}.AppStore|ARM.ActiveCfg = Release|ARM
		{435C5620-0470-4491-88E2-C0D2D909AD23}.AppStore|ARM.Build.0 = Release|ARM
		{435C5620-0470-4491-88E2-C0D2D909AD23}.AppStore|ARM.Deploy.0 = Release|ARM
		{435C5620-0470-4491-88E2-C0D2D909AD23}.AppStore|iPhone.ActiveCfg = Release|x86
		{435C5620-0470-4491-88E2-C0D2D909AD23}.AppStore|iPhone.Build.0 = Release|x86
		{435C5620-0470-4491-88E2-C0D2D909AD23}.AppStore|iPhone.Deploy.0 = Release|x86
		{435C5620-0470-4491-88E2-C0D2D909AD23}.AppStore|iPhoneSimulator.ActiveCfg = Release|x86
		{435C5620-0470-4491-88E2-C0D2D909AD23}.AppStore|iPhoneSimulator.Build.0 = Release|x86
		{435C5620-0470-4491-88E2-C0D2D909AD23}.AppStore|iPhoneSimulator.Deploy.0 = Release|x86
		{435C5620-0470-4491-88E2-C0D2D909AD23}.AppStore|x64.ActiveCfg = Release|x64
		{435C5620-0470-4491-88E2-C0D2D909AD23}.AppStore|x64.Build.0 = Release|x64
		{435C5620-0470-4491-88E2-C0D2D909AD23}.AppStore|x64.Deploy.0 = Release|x64
		{435C5620-0470-4491-88E2-C0D2D909AD23}.AppStore|x86.ActiveCfg = Release|x86
		{435C5620-0470-4491-88E2-C0D2D909AD23}.AppStore|x86.Build.0 = Release|x86
		{435C5620-0470-4491-88E2-C0D2D909AD23}.AppStore|x86.Deploy.0 = Release|x86
		{435C5620-0470-4491-88E2-C0D2D909AD23}.Debug|Any CPU.ActiveCfg = Debug|x86
		{435C5620-0470-4491-88E2-C0D2D909AD23}.Debug|ARM.ActiveCfg = Debug|ARM
		{435C5620-0470-4491-88E2-C0D2D909AD23}.Debug|ARM.Build.0 = Debug|ARM
		{435C5620-0470-4491-88E2-C0D2D909AD23}.Debug|ARM.Deploy.0 = Debug|ARM
		{435C5620-0470-4491-88E2-C0D2D909AD23}.Debug|iPhone.ActiveCfg = Debug|x86
		{435C5620-0470-4491-88E2-C0D2D909AD23}.Debug|iPhoneSimulator.ActiveCfg = Debug|x86
		{435C5620-0470-4491-88E2-C0D2D909AD23}.Debug|x64.ActiveCfg = Debug|x64
		{435C5620-0470-4491-88E2-C0D2D909AD23}.Debug|x64.Build.0 = Debug|x64
		{435C5620-0470-4491-88E2-C0D2D909AD23}.Debug|x64.Deploy.0 = Debug|x64
		{435C5620-0470-4491-88E2-C0D2D909AD23}.Debug|x86.ActiveCfg = Debug|x86
		{435C5620-0470-4491-88E2-C0D2D909AD23}.Debug|x86.Build.0 = Debug|x86
		{435C5620-0470-4491-88E2-C0D2D909AD23}.Debug|x86.Deploy.0 = Debug|x86
		{435C5620-0470-4491-88E2-C0D2D909AD23}.Release|Any CPU.ActiveCfg = Release|x86
		{435C5620-0470-4491-88E2-C0D2D909AD23}.Release|ARM.ActiveCfg = Release|ARM
		{435C5620-0470-4491-88E2-C0D2D909AD23}.Release|ARM.Build.0 = Release|ARM
		{435C5620-0470-4491-88E2-C0D2D909AD23}.Release|ARM.Deploy.0 = Release|ARM
		{435C5620-0470-4491-88E2-C0D2D909AD23}.Release|iPhone.ActiveCfg = Release|x86
		{435C5620-0470-4491-88E2-C0D2D909AD23}.Release|iPhoneSimulator.ActiveCfg = Release|x86
		{435C5620-0470-4491-88E2-C0D2D909AD23}.Release|x64.ActiveCfg = Release|x64
		{435C5620-0470-4491-88E2-C0D2D909AD23}.Release|x64.Build.0 = Release|x64
		{435C5620-0470-4491-88E2-C0D2D909AD23}.Release|x64.Deploy.0 = Release|x64
		{435C5620-0470-4491-88E2-C0D2D909AD23}.Release|x86.ActiveCfg = Release|x86
		{435C5620-0470-4491-88E2-C0D2D909AD23}.Release|x86.Build.0 = Release|x86
		{435C5620-0470-4491-88E2-C0D2D909AD23}.Release|x86.Deploy.0 = Release|x86
		{EE1FD422-35D5-4E3E-9715-4A93437A675B}.Ad-Hoc|Any CPU.ActiveCfg = Ad-Hoc|iPhone
		{EE1FD422-35D5-4E3E-9715-4A93437A675B}.Ad-Hoc|ARM.ActiveCfg = Ad-Hoc|iPhone
		{EE1FD422-35D5-4E3E-9715-4A93437A675B}.Ad-Hoc|iPhone.ActiveCfg = Ad-Hoc|iPhone
		{EE1FD422-35D5-4E3E-9715-4A93437A675B}.Ad-Hoc|iPhone.Build.0 = Ad-Hoc|iPhone
		{EE1FD422-35D5-4E3E-9715-4A93437A675B}.Ad-Hoc|iPhoneSimulator.ActiveCfg = Ad-Hoc|iPhoneSimulator
		{EE1FD422-35D5-4E3E-9715-4A93437A675B}.Ad-Hoc|iPhoneSimulator.Build.0 = Ad-Hoc|iPhoneSimulator
		{EE1FD422-35D5-4E3E-9715-4A93437A675B}.Ad-Hoc|x64.ActiveCfg = Ad-Hoc|iPhone
		{EE1FD422-35D5-4E3E-9715-4A93437A675B}.Ad-Hoc|x86.ActiveCfg = Ad-Hoc|iPhone
		{EE1FD422-35D5-4E3E-9715-4A93437A675B}.AppStore|Any CPU.ActiveCfg = AppStore|iPhone
		{EE1FD422-35D5-4E3E-9715-4A93437A675B}.AppStore|ARM.ActiveCfg = AppStore|iPhone
		{EE1FD422-35D5-4E3E-9715-4A93437A675B}.AppStore|iPhone.ActiveCfg = AppStore|iPhone
		{EE1FD422-35D5-4E3E-9715-4A93437A675B}.AppStore|iPhone.Build.0 = AppStore|iPhone
		{EE1FD422-35D5-4E3E-9715-4A93437A675B}.AppStore|iPhoneSimulator.ActiveCfg = AppStore|iPhoneSimulator
		{EE1FD422-35D5-4E3E-9715-4A93437A675B}.AppStore|iPhoneSimulator.Build.0 = AppStore|iPhoneSimulator
		{EE1FD422-35D5-4E3E-9715-4A93437A675B}.AppStore|x64.ActiveCfg = AppStore|iPhone
		{EE1FD422-35D5-4E3E-9715-4A93437A675B}.AppStore|x86.ActiveCfg = AppStore|iPhone
		{EE1FD422-35D5-4E3E-9715-4A93437A675B}.Debug|Any CPU.ActiveCfg = Debug|iPhone
		{EE1FD422-35D5-4E3E-9715-4A93437A675B}.Debug|ARM.ActiveCfg = Debug|iPhone
		{EE1FD422-35D5-4E3E-9715-4A93437A675B}.Debug|iPhone.ActiveCfg = Debug|iPhone
		{EE1FD422-35D5-4E3E-9715-4A93437A675B}.Debug|iPhone.Build.0 = Debug|iPhone
		{EE1FD422-35D5-4E3E-9715-4A93437A675B}.Debug|iPhoneSimulator.ActiveCfg = Debug|iPhoneSimulator
		{EE1FD422-35D5-4E3E-9715-4A93437A675B}.Debug|iPhoneSimulator.Build.0 = Debug|iPhoneSimulator
		{EE1FD422-35D5-4E3E-9715-4A93437A675B}.Debug|x64.ActiveCfg = Debug|iPhone
		{EE1FD422-35D5-4E3E-9715-4A93437A675B}.Debug|x86.ActiveCfg = Debug|iPhone
		{EE1FD422-35D5-4E3E-9715-4A93437A675B}.Release|Any CPU.ActiveCfg = Release|iPhone
		{EE1FD422-35D5-4E3E-9715-4A93437A675B}.Release|ARM.ActiveCfg = Release|iPhone
		{EE1FD422-35D5-4E3E-9715-4A93437A675B}.Release|iPhone.ActiveCfg = Release|iPhone
		{EE1FD422-35D5-4E3E-9715-4A93437A675B}.Release|iPhone.Build.0 = Release|iPhone
		{EE1FD422-35D5-4E3E-9715-4A93437A675B}.Release|iPhoneSimulator.ActiveCfg = Release|iPhoneSimulator
		{EE1FD422-35D5-4E3E-9715-4A93437A675B}.Release|iPhoneSimulator.Build.0 = Release|iPhoneSimulator
		{EE1FD422-35D5-4E3E-9715-4A93437A675B}.Release|x64.ActiveCfg = Release|iPhone
		{EE1FD422-35D5-4E3E-9715-4A93437A675B}.Release|x86.ActiveCfg = Release|iPhone
	EndGlobalSection
	GlobalSection(SolutionProperties) = preSolution
		HideSolutionNode = FALSE
	EndGlobalSection
EndGlobal
